
Microsoft Visual Studio Solution File, Format Version 12.00
# Visual Studio Version 16
VisualStudioVersion = 16.0.30804.86
MinimumVisualStudioVersion = 10.0.40219.1
Project("{FAE04EC0-301F-11D3-BF4B-00C04F79EFBC}") = "BankAppMvc", "BankAppMvc\BankAppMvc.csproj", "{3DB542ED-B469-40D7-A650-DC84BD6A652E}"
EndProject
Project("{FAE04EC0-301F-11D3-BF4B-00C04F79EFBC}") = "BankAppMvc.Tests", "BankAppMvc.Tests\BankAppMvc.Tests.csproj", "{354668E5-1CDA-4EC6-9D63-0E1C51831F87}"
EndProject
Global
	GlobalSection(SolutionConfigurationPlatforms) = preSolution
		Debug|Any CPU = Debug|Any CPU
		Release|Any CPU = Release|Any CPU
	EndGlobalSection
	GlobalSection(ProjectConfigurationPlatforms) = postSolution
		{3DB542ED-B469-40D7-A650-DC84BD6A652E}.Debug|Any CPU.ActiveCfg = Debug|Any CPU
		{3DB542ED-B469-40D7-A650-DC84BD6A652E}.Debug|Any CPU.Build.0 = Debug|Any CPU
		{3DB542ED-B469-40D7-A650-DC84BD6A652E}.Release|Any CPU.ActiveCfg = Release|Any CPU
		{3DB542ED-B469-40D7-A650-DC84BD6A652E}.Release|Any CPU.Build.0 = Release|Any CPU
		{354668E5-1CDA-4EC6-9D63-0E1C51831F87}.Debug|Any CPU.ActiveCfg = Debug|Any CPU
		{354668E5-1CDA-4EC6-9D63-0E1C51831F87}.Debug|Any CPU.Build.0 = Debug|Any CPU
		{354668E5-1CDA-4EC6-9D63-0E1C51831F87}.Release|Any CPU.ActiveCfg = Release|Any CPU
		{354668E5-1CDA-4EC6-9D63-0E1C51831F87}.Release|Any CPU.Build.0 = Release|Any CPU
	EndGlobalSection
	GlobalSection(SolutionProperties) = preSolution
		HideSolutionNode = FALSE
	EndGlobalSection
	GlobalSection(ExtensibilityGlobals) = postSolution
		SolutionGuid = {4C220C7F-0A02-4478-BC14-3039EF8885C7}
	EndGlobalSection
EndGlobal
